{
  "name": "noisewebtools",
  "version": "0.0.0",
  "lockfileVersion": 1,
  "requires": true,
  "dependencies": {
    "double-metaphone": {
      "version": "1.0.4",
      "resolved": "https://registry.npmjs.org/double-metaphone/-/double-metaphone-1.0.4.tgz",
      "integrity": "sha512-fx/cXLKZa3CAR/Udl7hk/7zqfCfQY45XxWQKWQjkydPP78QnsHuskSsUql7CYFfNdCduPuAwpEjy0P8Srmq6CQ=="
    },
    "levenshtein-edit-distance": {
      "version": "2.0.4",
      "resolved": "https://registry.npmjs.org/levenshtein-edit-distance/-/levenshtein-edit-distance-2.0.4.tgz",
      "integrity": "sha512-yYk99bWzZEqoeaV34ZfO7mjA5z6sIfdnmP9bKMDN6AiQxIqqfjKYAFh51WF1jzlufNtxAkf0YnQL7Cb/vg8gGg=="
    }
  }
}
